
Microsoft Visual Studio Solution File, Format Version 12.00
# Visual Studio Version 16
VisualStudioVersion = 16.0.30104.148
MinimumVisualStudioVersion = 10.0.40219.1
Project("{FAE04EC0-301F-11D3-BF4B-00C04F79EFBC}") = "CopyTo", "CopyTo\CopyTo.csproj", "{3A1BE9F5-B942-46CD-B207-3360F7AAADB0}"
EndProject
Global
	GlobalSection(SolutionConfigurationPlatforms) = preSolution
		Debug|Any CPU = Debug|Any CPU
		Release|Any CPU = Release|Any CPU
	EndGlobalSection
	GlobalSection(ProjectConfigurationPlatforms) = postSolution
		{3A1BE9F5-B942-46CD-B207-3360F7AAADB0}.Debug|Any CPU.ActiveCfg = Debug|Any CPU
		{3A1BE9F5-B942-46CD-B207-3360F7AAADB0}.Debug|Any CPU.Build.0 = Debug|Any CPU
		{3A1BE9F5-B942-46CD-B207-3360F7AAADB0}.Release|Any CPU.ActiveCfg = Release|Any CPU
		{3A1BE9F5-B942-46CD-B207-3360F7AAADB0}.Release|Any CPU.Build.0 = Release|Any CPU
	EndGlobalSection
	GlobalSection(SolutionProperties) = preSolution
		HideSolutionNode = FALSE
	EndGlobalSection
	GlobalSection(ExtensibilityGlobals) = postSolution
		SolutionGuid = {45F96796-1505-4D25-BD18-23BF82A230D9}
	EndGlobalSection
EndGlobal
